
Microsoft Visual Studio Solution File, Format Version 12.00
# Visual Studio Version 16
VisualStudioVersion = 16.0.31729.503
MinimumVisualStudioVersion = 10.0.40219.1
Project("{9A19103F-16F7-4668-BE54-9A1E7A4F7556}") = "MyExampleFunction", "MyExampleFunction\MyExampleFunction.csproj", "{47911153-471F-4622-B7C4-0D352D7E3234}"
EndProject
Project("{9A19103F-16F7-4668-BE54-9A1E7A4F7556}") = "ClassLibrary", "ClassLibrary\ClassLibrary.csproj", "{09A98AB0-254E-46A7-B69E-B185AF13AE5A}"
EndProject
Project("{9A19103F-16F7-4668-BE54-9A1E7A4F7556}") = "InfraLibrary", "InfraLibrary\InfraLibrary.csproj", "{92B75983-1E1F-4B56-B4EB-81920319FBBA}"
EndProject
Project("{9A19103F-16F7-4668-BE54-9A1E7A4F7556}") = "Tests.ClassLibrary", "Tests.ClassLibrary\Tests.ClassLibrary.csproj", "{59E4F8F0-34CA-4234-BBE9-E2C06E7E1976}"
EndProject
Project("{FAE04EC0-301F-11D3-BF4B-00C04F79EFBC}") = "InfraTools", "InfraTools\InfraTools.csproj", "{9444773E-A94A-4634-A054-CE13BB648E01}"
EndProject
Global
	GlobalSection(SolutionConfigurationPlatforms) = preSolution
		Debug|Any CPU = Debug|Any CPU
		Release|Any CPU = Release|Any CPU
	EndGlobalSection
	GlobalSection(ProjectConfigurationPlatforms) = postSolution
		{47911153-471F-4622-B7C4-0D352D7E3234}.Debug|Any CPU.ActiveCfg = Debug|Any CPU
		{47911153-471F-4622-B7C4-0D352D7E3234}.Debug|Any CPU.Build.0 = Debug|Any CPU
		{47911153-471F-4622-B7C4-0D352D7E3234}.Release|Any CPU.ActiveCfg = Release|Any CPU
		{47911153-471F-4622-B7C4-0D352D7E3234}.Release|Any CPU.Build.0 = Release|Any CPU
		{09A98AB0-254E-46A7-B69E-B185AF13AE5A}.Debug|Any CPU.ActiveCfg = Debug|Any CPU
		{09A98AB0-254E-46A7-B69E-B185AF13AE5A}.Debug|Any CPU.Build.0 = Debug|Any CPU
		{09A98AB0-254E-46A7-B69E-B185AF13AE5A}.Release|Any CPU.ActiveCfg = Release|Any CPU
		{09A98AB0-254E-46A7-B69E-B185AF13AE5A}.Release|Any CPU.Build.0 = Release|Any CPU
		{92B75983-1E1F-4B56-B4EB-81920319FBBA}.Debug|Any CPU.ActiveCfg = Debug|Any CPU
		{92B75983-1E1F-4B56-B4EB-81920319FBBA}.Debug|Any CPU.Build.0 = Debug|Any CPU
		{92B75983-1E1F-4B56-B4EB-81920319FBBA}.Release|Any CPU.ActiveCfg = Release|Any CPU
		{92B75983-1E1F-4B56-B4EB-81920319FBBA}.Release|Any CPU.Build.0 = Release|Any CPU
		{59E4F8F0-34CA-4234-BBE9-E2C06E7E1976}.Debug|Any CPU.ActiveCfg = Debug|Any CPU
		{59E4F8F0-34CA-4234-BBE9-E2C06E7E1976}.Debug|Any CPU.Build.0 = Debug|Any CPU
		{59E4F8F0-34CA-4234-BBE9-E2C06E7E1976}.Release|Any CPU.ActiveCfg = Release|Any CPU
		{59E4F8F0-34CA-4234-BBE9-E2C06E7E1976}.Release|Any CPU.Build.0 = Release|Any CPU
		{9444773E-A94A-4634-A054-CE13BB648E01}.Debug|Any CPU.ActiveCfg = Debug|Any CPU
		{9444773E-A94A-4634-A054-CE13BB648E01}.Debug|Any CPU.Build.0 = Debug|Any CPU
		{9444773E-A94A-4634-A054-CE13BB648E01}.Release|Any CPU.ActiveCfg = Release|Any CPU
		{9444773E-A94A-4634-A054-CE13BB648E01}.Release|Any CPU.Build.0 = Release|Any CPU
	EndGlobalSection
	GlobalSection(SolutionProperties) = preSolution
		HideSolutionNode = FALSE
	EndGlobalSection
	GlobalSection(ExtensibilityGlobals) = postSolution
		SolutionGuid = {D34557FC-7EFA-4E43-A435-FE0EF0E90171}
	EndGlobalSection
EndGlobal
