{
  "version": 4,
  "terraform_version": "1.0.7",
  "serial": 42,
  "lineage": "bae268f6-e9cd-da58-67e9-62aec0d32839",
  "outputs": {},
  "resources": [
    {
      "mode": "data",
      "type": "http",
      "name": "myip",
      "provider": "provider[\"registry.terraform.io/hashicorp/http\"]",
      "instances": [
        {
          "schema_version": 0,
          "attributes": {
            "body": "187.183.88.114\n",
            "id": "http://ipv4.icanhazip.com",
            "request_headers": null,
            "response_headers": {
              "Access-Control-Allow-Methods": "GET",
              "Access-Control-Allow-Origin": "*",
              "Alt-Svc": "h3=\":443\"; ma=86400, h3-29=\":443\"; ma=86400, h3-28=\":443\"; ma=86400, h3-27=\":443\"; ma=86400",
              "Cf-Ray": "6bd940936aa66aeb-GRU",
              "Connection": "keep-alive",
              "Content-Length": "15",
              "Content-Type": "text/plain",
              "Date": "Tue, 14 Dec 2021 17:46:32 GMT",
              "Server": "cloudflare",
              "Set-Cookie": "__cf_bm=Y9KHDbYnDVHTGx6aNxwQCJaZdzj6h.JPgrids0nCMt0-1639503992-0-AaR2rWJxTlERHAUh0bAkUADzkpImi/MZ7QP/RGwHqcE/IAl3vYFVVCi2zLi30T4KCnDVx6x8VsPLfZcOBGWTM/o=; path=/; expires=Tue, 14-Dec-21 18:16:32 GMT; domain=.icanhazip.com; HttpOnly; SameSite=None",
              "Vary": "Accept-Encoding"
            },
            "url": "http://ipv4.icanhazip.com"
          },
          "sensitive_attributes": []
        }
      ]
    },
    {
      "mode": "managed",
      "type": "azurerm_mssql_database",
      "name": "mssql_database",
      "provider": "provider[\"registry.terraform.io/hashicorp/azurerm\"]",
      "instances": [
        {
          "schema_version": 1,
          "attributes": {
            "auto_pause_delay_in_minutes": 60,
            "collation": "SQL_Latin1_General_CP1_CI_AS",
            "create_mode": "Default",
            "creation_source_database_id": null,
            "elastic_pool_id": "",
            "extended_auditing_policy": [],
            "geo_backup_enabled": true,
            "id": "/subscriptions/c8422a40-6f30-4238-aaf9-f46c0ee23a22/resourceGroups/myfunctst/providers/Microsoft.Sql/servers/myfunctstdb/databases/mytstdb",
            "license_type": "",
            "long_term_retention_policy": [
              {
                "monthly_retention": "PT0S",
                "week_of_year": 0,
                "weekly_retention": "PT0S",
                "yearly_retention": "PT0S"
              }
            ],
            "max_size_gb": 32,
            "min_capacity": 1,
            "name": "mytstdb",
            "read_replica_count": 0,
            "read_scale": false,
            "recover_database_id": null,
            "restore_dropped_database_id": null,
            "restore_point_in_time": null,
            "sample_name": null,
            "server_id": "/subscriptions/c8422a40-6f30-4238-aaf9-f46c0ee23a22/resourceGroups/myfunctst/providers/Microsoft.Sql/servers/myfunctstdb",
            "short_term_retention_policy": [
              {
                "retention_days": 7
              }
            ],
            "sku_name": "GP_S_Gen5_2",
            "storage_account_type": "GRS",
            "tags": {},
            "threat_detection_policy": [
              {
                "disabled_alerts": [],
                "email_account_admins": "Disabled",
                "email_addresses": [],
                "retention_days": 0,
                "state": "Disabled",
                "storage_account_access_key": "",
                "storage_endpoint": "",
                "use_server_default": "Disabled"
              }
            ],
            "timeouts": null,
            "zone_redundant": false
          },
          "sensitive_attributes": [],
          "private": "eyJlMmJmYjczMC1lY2FhLTExZTYtOGY4OC0zNDM2M2JjN2M0YzAiOnsiY3JlYXRlIjozNjAwMDAwMDAwMDAwLCJkZWxldGUiOjM2MDAwMDAwMDAwMDAsInJlYWQiOjMwMDAwMDAwMDAwMCwidXBkYXRlIjozNjAwMDAwMDAwMDAwfSwic2NoZW1hX3ZlcnNpb24iOiIxIn0=",
          "dependencies": [
            "azurerm_mssql_server.mssql_server",
            "azurerm_resource_group.rg"
          ]
        }
      ]
    },
    {
      "mode": "managed",
      "type": "azurerm_mssql_firewall_rule",
      "name": "mssql_firewall",
      "provider": "provider[\"registry.terraform.io/hashicorp/azurerm\"]",
      "instances": [
        {
          "schema_version": 0,
          "attributes": {
            "end_ip_address": "0.0.0.0",
            "id": "/subscriptions/c8422a40-6f30-4238-aaf9-f46c0ee23a22/resourceGroups/myfunctst/providers/Microsoft.Sql/servers/myfunctstdb/firewallRules/AzureResourceAccessFirewallRule",
            "name": "AzureResourceAccessFirewallRule",
            "server_id": "/subscriptions/c8422a40-6f30-4238-aaf9-f46c0ee23a22/resourceGroups/myfunctst/providers/Microsoft.Sql/servers/myfunctstdb",
            "start_ip_address": "0.0.0.0",
            "timeouts": null
          },
          "sensitive_attributes": [],
          "private": "eyJlMmJmYjczMC1lY2FhLTExZTYtOGY4OC0zNDM2M2JjN2M0YzAiOnsiY3JlYXRlIjoxODAwMDAwMDAwMDAwLCJkZWxldGUiOjE4MDAwMDAwMDAwMDAsInJlYWQiOjMwMDAwMDAwMDAwMCwidXBkYXRlIjoxODAwMDAwMDAwMDAwfX0=",
          "dependencies": [
            "azurerm_mssql_server.mssql_server",
            "azurerm_resource_group.rg"
          ]
        }
      ]
    },
    {
      "mode": "managed",
      "type": "azurerm_mssql_firewall_rule",
      "name": "mssql_firewall_local_env",
      "provider": "provider[\"registry.terraform.io/hashicorp/azurerm\"]",
      "instances": [
        {
          "schema_version": 0,
          "attributes": {
            "end_ip_address": "187.183.88.114",
            "id": "/subscriptions/c8422a40-6f30-4238-aaf9-f46c0ee23a22/resourceGroups/myfunctst/providers/Microsoft.Sql/servers/myfunctstdb/firewallRules/LocalEnvFirewallRule",
            "name": "LocalEnvFirewallRule",
            "server_id": "/subscriptions/c8422a40-6f30-4238-aaf9-f46c0ee23a22/resourceGroups/myfunctst/providers/Microsoft.Sql/servers/myfunctstdb",
            "start_ip_address": "187.183.88.114",
            "timeouts": null
          },
          "sensitive_attributes": [],
          "private": "eyJlMmJmYjczMC1lY2FhLTExZTYtOGY4OC0zNDM2M2JjN2M0YzAiOnsiY3JlYXRlIjoxODAwMDAwMDAwMDAwLCJkZWxldGUiOjE4MDAwMDAwMDAwMDAsInJlYWQiOjMwMDAwMDAwMDAwMCwidXBkYXRlIjoxODAwMDAwMDAwMDAwfX0=",
          "dependencies": [
            "azurerm_mssql_server.mssql_server",
            "azurerm_resource_group.rg",
            "data.http.myip"
          ]
        }
      ]
    },
    {
      "mode": "managed",
      "type": "azurerm_mssql_server",
      "name": "mssql_server",
      "provider": "provider[\"registry.terraform.io/hashicorp/azurerm\"]",
      "instances": [
        {
          "schema_version": 0,
          "attributes": {
            "administrator_login": "4dm1n157r470r",
            "administrator_login_password": "4-v3ry-53cr37-p455w0rd",
            "azuread_administrator": [],
            "connection_policy": "Default",
            "extended_auditing_policy": [],
            "fully_qualified_domain_name": "myfunctstdb.database.windows.net",
            "id": "/subscriptions/c8422a40-6f30-4238-aaf9-f46c0ee23a22/resourceGroups/myfunctst/providers/Microsoft.Sql/servers/myfunctstdb",
            "identity": [],
            "location": "westus2",
            "minimum_tls_version": "",
            "name": "myfunctstdb",
            "primary_user_assigned_identity_id": "",
            "public_network_access_enabled": true,
            "resource_group_name": "myfunctst",
            "restorable_dropped_database_ids": [],
            "tags": {},
            "timeouts": null,
            "version": "12.0"
          },
          "sensitive_attributes": [],
          "private": "eyJlMmJmYjczMC1lY2FhLTExZTYtOGY4OC0zNDM2M2JjN2M0YzAiOnsiY3JlYXRlIjozNjAwMDAwMDAwMDAwLCJkZWxldGUiOjM2MDAwMDAwMDAwMDAsInJlYWQiOjMwMDAwMDAwMDAwMCwidXBkYXRlIjozNjAwMDAwMDAwMDAwfX0=",
          "dependencies": [
            "azurerm_resource_group.rg"
          ]
        }
      ]
    },
    {
      "mode": "managed",
      "type": "azurerm_resource_group",
      "name": "rg",
      "provider": "provider[\"registry.terraform.io/hashicorp/azurerm\"]",
      "instances": [
        {
          "schema_version": 0,
          "attributes": {
            "id": "/subscriptions/c8422a40-6f30-4238-aaf9-f46c0ee23a22/resourceGroups/myfunctst",
            "location": "westus2",
            "name": "myfunctst",
            "tags": {},
            "timeouts": null
          },
          "sensitive_attributes": [],
          "private": "eyJlMmJmYjczMC1lY2FhLTExZTYtOGY4OC0zNDM2M2JjN2M0YzAiOnsiY3JlYXRlIjo1NDAwMDAwMDAwMDAwLCJkZWxldGUiOjU0MDAwMDAwMDAwMDAsInJlYWQiOjMwMDAwMDAwMDAwMCwidXBkYXRlIjo1NDAwMDAwMDAwMDAwfX0="
        }
      ]
    },
    {
      "mode": "managed",
      "type": "azurerm_servicebus_namespace",
      "name": "sb",
      "provider": "provider[\"registry.terraform.io/hashicorp/azurerm\"]",
      "instances": [
        {
          "schema_version": 1,
          "attributes": {
            "capacity": 0,
            "default_primary_connection_string": "Endpoint=sb://myfunctstsb.servicebus.windows.net/;SharedAccessKeyName=RootManageSharedAccessKey;SharedAccessKey=Y2257g4rcHPNyVXvdAtMWQcLjrCskIZlUyuEjHSdEQ4=",
            "default_primary_key": "Y2257g4rcHPNyVXvdAtMWQcLjrCskIZlUyuEjHSdEQ4=",
            "default_secondary_connection_string": "Endpoint=sb://myfunctstsb.servicebus.windows.net/;SharedAccessKeyName=RootManageSharedAccessKey;SharedAccessKey=KATYmTuLwUye1lc+Hr6xbmAG6On46bY+TQ9yyg/vdP8=",
            "default_secondary_key": "KATYmTuLwUye1lc+Hr6xbmAG6On46bY+TQ9yyg/vdP8=",
            "id": "/subscriptions/c8422a40-6f30-4238-aaf9-f46c0ee23a22/resourceGroups/myfunctst/providers/Microsoft.ServiceBus/namespaces/myfunctstsb",
            "location": "westus2",
            "name": "myfunctstsb",
            "resource_group_name": "myfunctst",
            "sku": "standard",
            "tags": {},
            "timeouts": null,
            "zone_redundant": false
          },
          "sensitive_attributes": [],
          "private": "eyJlMmJmYjczMC1lY2FhLTExZTYtOGY4OC0zNDM2M2JjN2M0YzAiOnsiY3JlYXRlIjoxODAwMDAwMDAwMDAwLCJkZWxldGUiOjE4MDAwMDAwMDAwMDAsInJlYWQiOjMwMDAwMDAwMDAwMCwidXBkYXRlIjoxODAwMDAwMDAwMDAwfSwic2NoZW1hX3ZlcnNpb24iOiIxIn0=",
          "dependencies": [
            "azurerm_resource_group.rg"
          ]
        }
      ]
    },
    {
      "mode": "managed",
      "type": "azurerm_servicebus_namespace_authorization_rule",
      "name": "sb_auth_rule",
      "provider": "provider[\"registry.terraform.io/hashicorp/azurerm\"]",
      "instances": [
        {
          "schema_version": 0,
          "attributes": {
            "id": "/subscriptions/c8422a40-6f30-4238-aaf9-f46c0ee23a22/resourceGroups/myfunctst/providers/Microsoft.ServiceBus/namespaces/myfunctstsb/AuthorizationRules/SendAndListePolicy",
            "listen": true,
            "manage": false,
            "name": "SendAndListePolicy",
            "namespace_name": "myfunctstsb",
            "primary_connection_string": "Endpoint=sb://myfunctstsb.servicebus.windows.net/;SharedAccessKeyName=SendAndListePolicy;SharedAccessKey=lLDrG/iLSBBbz0AfOO5A0AiSYBSiQPxBg71W7hU2994=",
            "primary_connection_string_alias": "",
            "primary_key": "lLDrG/iLSBBbz0AfOO5A0AiSYBSiQPxBg71W7hU2994=",
            "resource_group_name": "myfunctst",
            "secondary_connection_string": "Endpoint=sb://myfunctstsb.servicebus.windows.net/;SharedAccessKeyName=SendAndListePolicy;SharedAccessKey=FRAe9fOL/ENLxNZw9jjHt9+pN4MsB6mxIxcJLRyaGqU=",
            "secondary_connection_string_alias": "",
            "secondary_key": "FRAe9fOL/ENLxNZw9jjHt9+pN4MsB6mxIxcJLRyaGqU=",
            "send": true,
            "timeouts": null
          },
          "sensitive_attributes": [],
          "private": "eyJlMmJmYjczMC1lY2FhLTExZTYtOGY4OC0zNDM2M2JjN2M0YzAiOnsiY3JlYXRlIjoxODAwMDAwMDAwMDAwLCJkZWxldGUiOjE4MDAwMDAwMDAwMDAsInJlYWQiOjMwMDAwMDAwMDAwMCwidXBkYXRlIjoxODAwMDAwMDAwMDAwfX0=",
          "dependencies": [
            "azurerm_resource_group.rg",
            "azurerm_servicebus_namespace.sb"
          ]
        }
      ]
    },
    {
      "mode": "managed",
      "type": "azurerm_servicebus_subscription",
      "name": "sb_subscription_product_changed",
      "provider": "provider[\"registry.terraform.io/hashicorp/azurerm\"]",
      "instances": [
        {
          "schema_version": 0,
          "attributes": {
            "auto_delete_on_idle": "P14D",
            "dead_lettering_on_filter_evaluation_error": true,
            "dead_lettering_on_message_expiration": true,
            "default_message_ttl": "P14D",
            "enable_batched_operations": false,
            "forward_dead_lettered_messages_to": "",
            "forward_to": "",
            "id": "/subscriptions/c8422a40-6f30-4238-aaf9-f46c0ee23a22/resourceGroups/myfunctst/providers/Microsoft.ServiceBus/namespaces/myfunctstsb/topics/product_changed/subscriptions/product_changed_subscription",
            "lock_duration": "PT1M",
            "max_delivery_count": 10,
            "name": "product_changed_subscription",
            "namespace_name": "myfunctstsb",
            "requires_session": false,
            "resource_group_name": "myfunctst",
            "status": "Active",
            "timeouts": null,
            "topic_name": "product_changed"
          },
          "sensitive_attributes": [],
          "private": "eyJlMmJmYjczMC1lY2FhLTExZTYtOGY4OC0zNDM2M2JjN2M0YzAiOnsiY3JlYXRlIjoxODAwMDAwMDAwMDAwLCJkZWxldGUiOjE4MDAwMDAwMDAwMDAsInJlYWQiOjMwMDAwMDAwMDAwMCwidXBkYXRlIjoxODAwMDAwMDAwMDAwfX0=",
          "dependencies": [
            "azurerm_servicebus_topic.sb_topic_product_changed",
            "azurerm_resource_group.rg",
            "azurerm_servicebus_namespace.sb"
          ]
        }
      ]
    },
    {
      "mode": "managed",
      "type": "azurerm_servicebus_topic",
      "name": "sb_topic_product_changed",
      "provider": "provider[\"registry.terraform.io/hashicorp/azurerm\"]",
      "instances": [
        {
          "schema_version": 0,
          "attributes": {
            "auto_delete_on_idle": "P14D",
            "default_message_ttl": "P14D",
            "duplicate_detection_history_time_window": "PT10M",
            "enable_batched_operations": false,
            "enable_express": false,
            "enable_partitioning": false,
            "id": "/subscriptions/c8422a40-6f30-4238-aaf9-f46c0ee23a22/resourceGroups/myfunctst/providers/Microsoft.ServiceBus/namespaces/myfunctstsb/topics/product_changed",
            "max_message_size_in_kilobytes": 256,
            "max_size_in_megabytes": 5120,
            "name": "product_changed",
            "namespace_name": "myfunctstsb",
            "requires_duplicate_detection": false,
            "resource_group_name": "myfunctst",
            "status": "Active",
            "support_ordering": false,
            "timeouts": null
          },
          "sensitive_attributes": [],
          "private": "eyJlMmJmYjczMC1lY2FhLTExZTYtOGY4OC0zNDM2M2JjN2M0YzAiOnsiY3JlYXRlIjoxODAwMDAwMDAwMDAwLCJkZWxldGUiOjE4MDAwMDAwMDAwMDAsInJlYWQiOjMwMDAwMDAwMDAwMCwidXBkYXRlIjoxODAwMDAwMDAwMDAwfX0=",
          "dependencies": [
            "azurerm_resource_group.rg",
            "azurerm_servicebus_namespace.sb"
          ]
        }
      ]
    }
  ]
}
